
Microsoft Visual Studio Solution File, Format Version 12.00
# Visual Studio Version 17
VisualStudioVersion = 17.11.35327.3
MinimumVisualStudioVersion = 10.0.40219.1
Project("{FAE04EC0-301F-11D3-BF4B-00C04F79EFBC}") = "portfolioProject", "portfolioProject\portfolioProject.csproj", "{0135139E-94DD-433F-8A86-BEB9E632450B}"
EndProject
Global
	GlobalSection(SolutionConfigurationPlatforms) = preSolution
		Debug|Any CPU = Debug|Any CPU
		Release|Any CPU = Release|Any CPU
	EndGlobalSection
	GlobalSection(ProjectConfigurationPlatforms) = postSolution
		{0135139E-94DD-433F-8A86-BEB9E632450B}.Debug|Any CPU.ActiveCfg = Debug|Any CPU
		{0135139E-94DD-433F-8A86-BEB9E632450B}.Debug|Any CPU.Build.0 = Debug|Any CPU
		{0135139E-94DD-433F-8A86-BEB9E632450B}.Release|Any CPU.ActiveCfg = Release|Any CPU
		{0135139E-94DD-433F-8A86-BEB9E632450B}.Release|Any CPU.Build.0 = Release|Any CPU
	EndGlobalSection
	GlobalSection(SolutionProperties) = preSolution
		HideSolutionNode = FALSE
	EndGlobalSection
	GlobalSection(ExtensibilityGlobals) = postSolution
		SolutionGuid = {C647221E-0F29-4304-8E3A-1930E60A7A70}
	EndGlobalSection
EndGlobal
